# THIS IS AN AUTOGENERATED FILE. DO NOT EDIT THIS FILE DIRECTLY.
# yarn lockfile v1


"@azure/functions@^4.0.0":
  version "4.2.0"
  resolved "https://registry.yarnpkg.com/@azure/functions/-/functions-4.2.0.tgz#221e605d137e846e53fce4e5e24c95691c4747f3"
  integrity sha512-RSECLoje4jGVpsVRjEzkna9KvmQOVeB96cg8J5J2g41QQpMWCzD1QTPI5+yI0uvOidGRLYElV1zHZjdvsGf9Nw==
  dependencies:
    long "^4.0.0"
    undici "^5.13.0"

"@badgateway/oauth2-client@^2.3.0":
  version "2.3.0"
  resolved "https://registry.yarnpkg.com/@badgateway/oauth2-client/-/oauth2-client-2.3.0.tgz#ff93ba999036f1c37809c5d9f4e388fbcf738e50"
  integrity sha512-nLbACuhaKIo9AjaE/HK1zvRU0yzsSOX94yarEyKLq1FNzf9b74YReZrKVfF7EkQfNli+TpL11750s01/oyEf2w==

"@fastify/busboy@^2.0.0":
  version "2.1.0"
  resolved "https://registry.npmjs.org/@fastify/busboy/-/busboy-2.1.0.tgz"
  integrity sha512-+KpH+QxZU7O4675t3mnkQKcZZg56u+K/Ct2K+N2AZYNVK8kyeo/bI18tI8aPm3tvNNRyTWfj6s5tnGNlcbQRsA==

"@types/node@*":
  version "20.11.19"
  resolved "https://registry.yarnpkg.com/@types/node/-/node-20.11.19.tgz#b466de054e9cb5b3831bee38938de64ac7f81195"
  integrity sha512-7xMnVEcZFu0DikYjWOlRq7NTPETrm7teqUT2WkQjrTIkEgUyyGdWsj/Zg8bEJt5TNklzbPD1X3fqfsHw3SpapQ==
  dependencies:
    undici-types "~5.26.4"

"@types/ws@^8.5.10":
  version "8.5.10"
  resolved "https://registry.yarnpkg.com/@types/ws/-/ws-8.5.10.tgz#4acfb517970853fa6574a3a6886791d04a396787"
  integrity sha512-vmQSUcfalpIq0R9q7uTo2lXs6eGIpt9wtnLdMv9LVpIjCA/+ufZRozlVoVelIYixx1ugCBKDhn89vnsEGOCx9A==
  dependencies:
    "@types/node" "*"

asynckit@^0.4.0:
  version "0.4.0"
  resolved "https://registry.yarnpkg.com/asynckit/-/asynckit-0.4.0.tgz#c79ed97f7f34cb8f2ba1bc9790bcc366474b4b79"
  integrity sha512-Oei9OH4tRh0YqU3GxhX79dM/mwVgvbZJaSNaRk+bshkj0S5cfHcgYakreBjrHwatXKbz+IoIdYLxrKim2MjW0Q==

axios@1.6.7:
  version "1.6.7"
  resolved "https://registry.yarnpkg.com/axios/-/axios-1.6.7.tgz#7b48c2e27c96f9c68a2f8f31e2ab19f59b06b0a7"
  integrity sha512-/hDJGff6/c7u0hDkvkGxR/oy6CbCs8ziCsC7SqmhjfozqiJGc8Z11wrv9z9lYfY4K8l+H9TpjcMDX0xOZmx+RA==
  dependencies:
    follow-redirects "^1.15.4"
    form-data "^4.0.0"
    proxy-from-env "^1.1.0"

combined-stream@^1.0.8:
  version "1.0.8"
  resolved "https://registry.yarnpkg.com/combined-stream/-/combined-stream-1.0.8.tgz#c3d45a8b34fd730631a110a8a2520682b31d5a7f"
  integrity sha512-FQN4MRfuJeHf7cBbBMJFXhKSDq+2kAArBlmRBvcvFE5BB1HZKXtSFASDhdlz9zOYwxh8lDdnvmMOe/+5cdoEdg==
  dependencies:
    delayed-stream "~1.0.0"

dayjs@^1.11.10:
  version "1.11.10"
  resolved "https://registry.yarnpkg.com/dayjs/-/dayjs-1.11.10.tgz#68acea85317a6e164457d6d6947564029a6a16a0"
  integrity sha512-vjAczensTgRcqDERK0SR2XMwsF/tSvnvlv6VcF2GIhg6Sx4yOIt/irsr1RDJsKiIyBzJDpCoXiWWq28MqH2cnQ==

delayed-stream@~1.0.0:
  version "1.0.0"
  resolved "https://registry.yarnpkg.com/delayed-stream/-/delayed-stream-1.0.0.tgz#df3ae199acadfb7d440aaae0b29e2272b24ec619"
  integrity sha512-ZySD7Nf91aLB0RxL4KGrKHBXl7Eds1DAmEdcoVawXnLD7SDhpNgtuII2aAkg7a7QS41jxPSZ17p4VdGnMHk3MQ==

events@^3.3.0:
  version "3.3.0"
  resolved "https://registry.yarnpkg.com/events/-/events-3.3.0.tgz#31a95ad0a924e2d2c419a813aeb2c4e878ea7400"
  integrity sha512-mQw+2fkQbALzQ7V0MY0IqdnXNOeTtP4r0lN9z7AAawCXgqea7bDii20AYrIBrFd/Hx0M2Ocz6S111CaFkUcb0Q==

follow-redirects@^1.15.4:
  version "1.15.5"
  resolved "https://registry.yarnpkg.com/follow-redirects/-/follow-redirects-1.15.5.tgz#54d4d6d062c0fa7d9d17feb008461550e3ba8020"
  integrity sha512-vSFWUON1B+yAw1VN4xMfxgn5fTUiaOzAJCKBwIIgT/+7CuGy9+r+5gITvP62j3RmaD5Ph65UaERdOSRGUzZtgw==

form-data@^4.0.0:
  version "4.0.0"
  resolved "https://registry.yarnpkg.com/form-data/-/form-data-4.0.0.tgz#93919daeaf361ee529584b9b31664dc12c9fa452"
  integrity sha512-ETEklSGi5t0QMZuiXoA/Q6vcnxcLQP5vdugSpuAyi6SVGi2clPPp+xgEhuMaHC+zGgn31Kd235W35f7Hykkaww==
  dependencies:
    asynckit "^0.4.0"
    combined-stream "^1.0.8"
    mime-types "^2.1.12"

isomorphic-ws@^5.0.0:
  version "5.0.0"
  resolved "https://registry.yarnpkg.com/isomorphic-ws/-/isomorphic-ws-5.0.0.tgz#e5529148912ecb9b451b46ed44d53dae1ce04bbf"
  integrity sha512-muId7Zzn9ywDsyXgTIafTry2sV3nySZeUDe6YedVd1Hvuuep5AsIlqK+XefWpYTyJG5e503F2xIuT2lcU6rCSw==

long@^4.0.0:
  version "4.0.0"
  resolved "https://registry.npmjs.org/long/-/long-4.0.0.tgz"
  integrity sha512-XsP+KhQif4bjX1kbuSiySJFNAehNxgLb6hPRGJ9QsUr8ajHkuXGdrHmFUTUUXhDwVX2R5bY4JNZEwbUiMhV+MA==

megalodon@^9.2.2:
  version "9.2.2"
  resolved "https://registry.yarnpkg.com/megalodon/-/megalodon-9.2.2.tgz#0101f75aab11c3d2d5ececaca0886b0d3596b624"
  integrity sha512-qZha4Ekl+r3jQnSP+yvrPvhZXFSHazi4Vh/zmK/4xMz1woNqYOXqh64xk7c547EKUUObU4KJBVWUu7wVP7ZpvQ==
  dependencies:
    "@badgateway/oauth2-client" "^2.3.0"
    "@types/ws" "^8.5.10"
    axios "1.6.7"
    dayjs "^1.11.10"
    events "^3.3.0"
    form-data "^4.0.0"
    isomorphic-ws "^5.0.0"
    object-assign-deep "^0.4.0"
    uuid "^9.0.1"
    ws "8.16.0"

mime-db@1.52.0:
  version "1.52.0"
  resolved "https://registry.yarnpkg.com/mime-db/-/mime-db-1.52.0.tgz#bbabcdc02859f4987301c856e3387ce5ec43bf70"
  integrity sha512-sPU4uV7dYlvtWJxwwxHD0PuihVNiE7TyAbQ5SWxDCB9mUYvOgroQOwYQQOKPJ8CIbE+1ETVlOoK1UC2nU3gYvg==

mime-types@^2.1.12:
  version "2.1.35"
  resolved "https://registry.yarnpkg.com/mime-types/-/mime-types-2.1.35.tgz#381a871b62a734450660ae3deee44813f70d959a"
  integrity sha512-ZDY+bPm5zTTF+YpCrAU9nK0UgICYPT0QtT1NZWFv4s++TNkcgVaT0g6+4R2uI4MjQjzysHB1zxuWL50hzaeXiw==
  dependencies:
    mime-db "1.52.0"

object-assign-deep@^0.4.0:
  version "0.4.0"
  resolved "https://registry.yarnpkg.com/object-assign-deep/-/object-assign-deep-0.4.0.tgz#43505d3679abb9686ab359b97ac14cc837a9d143"
  integrity sha512-54Uvn3s+4A/cMWx9tlRez1qtc7pN7pbQ+Yi7mjLjcBpWLlP+XbSHiHbQW6CElDiV4OvuzqnMrBdkgxI1mT8V/Q==

proxy-from-env@^1.1.0:
  version "1.1.0"
  resolved "https://registry.yarnpkg.com/proxy-from-env/-/proxy-from-env-1.1.0.tgz#e102f16ca355424865755d2c9e8ea4f24d58c3e2"
  integrity sha512-D+zkORCbA9f1tdWRK0RaCR3GPv50cMxcrz4X8k5LTSUD1Dkw47mKJEZQNunItRTkWwgtaUSo1RVFRIG9ZXiFYg==

undici-types@~5.26.4:
  version "5.26.5"
  resolved "https://registry.yarnpkg.com/undici-types/-/undici-types-5.26.5.tgz#bcd539893d00b56e964fd2657a4866b221a65617"
  integrity sha512-JlCMO+ehdEIKqlFxk6IfVoAUVmgz7cU7zD/h9XZ0qzeosSHmUJVOzSQvvYSYWXkFXC+IfLKSIffhv0sVZup6pA==

undici@^5.13.0:
  version "5.28.3"
  resolved "https://registry.npmjs.org/undici/-/undici-5.28.3.tgz"
  integrity sha512-3ItfzbrhDlINjaP0duwnNsKpDQk3acHI3gVJ1z4fmwMK31k5G9OVIAMLSIaP6w4FaGkaAkN6zaQO9LUvZ1t7VA==
  dependencies:
    "@fastify/busboy" "^2.0.0"

uuid@^9.0.1:
  version "9.0.1"
  resolved "https://registry.yarnpkg.com/uuid/-/uuid-9.0.1.tgz#e188d4c8853cc722220392c424cd637f32293f30"
  integrity sha512-b+1eJOlsR9K8HJpow9Ok3fiWOWSIcIzXodvv0rQjVoOVNpWMpxf1wZNpt4y9h10odCNrqnYp1OBzRktckBe3sA==

ws@8.16.0:
  version "8.16.0"
  resolved "https://registry.yarnpkg.com/ws/-/ws-8.16.0.tgz#d1cd774f36fbc07165066a60e40323eab6446fd4"
  integrity sha512-HS0c//TP7Ina87TfiPUz1rQzMhHrl/SG2guqRcTOIUYD2q8uhUdNHZYJUaQ8aTGPzCh+c6oawMKW35nFl1dxyQ==
